// !$*UTF8*$!
{
	archiveVersion = 1;
	classes = {
	};
	objectVersion = 46;
	objects = {

/* Begin PBXBuildFile section */
		0EC1709C804CE5382953D74D /* Pods_TumblrUITests.framework in Frameworks */ = {isa = PBXBuildFile; fileRef = A207D7225A603B803A2B4274 /* Pods_TumblrUITests.framework */; };
		1F0CC675200A60E2009CC9E3 /* PhotoCell.swift in Sources */ = {isa = PBXBuildFile; fileRef = 1F0CC674200A60E2009CC9E3 /* PhotoCell.swift */; };
		1F94ACCB201582FB00567629 /* PhotoDetailsViewController.swift in Sources */ = {isa = PBXBuildFile; fileRef = 1F94ACCA201582FB00567629 /* PhotoDetailsViewController.swift */; };
		1FB3D4192006D71900A8C66A /* AppDelegate.swift in Sources */ = {isa = PBXBuildFile; fileRef = 1FB3D4182006D71900A8C66A /* AppDelegate.swift */; };
		1FB3D41E2006D71900A8C66A /* Main.storyboard in Resources */ = {isa = PBXBuildFile; fileRef = 1FB3D41C2006D71900A8C66A /* Main.storyboard */; };
		1FB3D4212006D71900A8C66A /* Tumblr.xcdatamodeld in Sources */ = {isa = PBXBuildFile; fileRef = 1FB3D41F2006D71900A8C66A /* Tumblr.xcdatamodeld */; };
		1FB3D4232006D71900A8C66A /* Assets.xcassets in Resources */ = {isa = PBXBuildFile; fileRef = 1FB3D4222006D71900A8C66A /* Assets.xcassets */; };
		1FB3D4262006D71900A8C66A /* LaunchScreen.storyboard in Resources */ = {isa = PBXBuildFile; fileRef = 1FB3D4242006D71900A8C66A /* LaunchScreen.storyboard */; };
		1FB3D4312006D71900A8C66A /* TumblrTests.swift in Sources */ = {isa = PBXBuildFile; fileRef = 1FB3D4302006D71900A8C66A /* TumblrTests.swift */; };
		1FB3D43C2006D71900A8C66A /* TumblrUITests.swift in Sources */ = {isa = PBXBuildFile; fileRef = 1FB3D43B2006D71900A8C66A /* TumblrUITests.swift */; };
		1FB3D44A2006D91100A8C66A /* PhotosViewController.swift in Sources */ = {isa = PBXBuildFile; fileRef = 1FB3D4492006D91100A8C66A /* PhotosViewController.swift */; };
		33A2B700ABF1328F8499B72E /* Pods_TumblrTests.framework in Frameworks */ = {isa = PBXBuildFile; fileRef = C62A4F91CB63E349AD36E0B9 /* Pods_TumblrTests.framework */; };
		8309BE9DAD1AF2E6BC217109 /* Pods_Tumblr.framework in Frameworks */ = {isa = PBXBuildFile; fileRef = 5D9B99139E1B8F0A06520FDA /* Pods_Tumblr.framework */; };
/* End PBXBuildFile section */

/* Begin PBXContainerItemProxy section */
		1FB3D42D2006D71900A8C66A /* PBXContainerItemProxy */ = {
			isa = PBXContainerItemProxy;
			containerPortal = 1FB3D40D2006D71900A8C66A /* Project object */;
			proxyType = 1;
			remoteGlobalIDString = 1FB3D4142006D71900A8C66A;
			remoteInfo = Tumblr;
		};
		1FB3D4382006D71900A8C66A /* PBXContainerItemProxy */ = {
			isa = PBXContainerItemProxy;
			containerPortal = 1FB3D40D2006D71900A8C66A /* Project object */;
			proxyType = 1;
			remoteGlobalIDString = 1FB3D4142006D71900A8C66A;
			remoteInfo = Tumblr;
		};
/* End PBXContainerItemProxy section */

/* Begin PBXFileReference section */
		1F0CC674200A60E2009CC9E3 /* PhotoCell.swift */ = {isa = PBXFileReference; fileEncoding = 4; lastKnownFileType = sourcecode.swift; path = PhotoCell.swift; sourceTree = "<group>"; };
		1F94ACCA201582FB00567629 /* PhotoDetailsViewController.swift */ = {isa = PBXFileReference; fileEncoding = 4; lastKnownFileType = sourcecode.swift; path = PhotoDetailsViewController.swift; sourceTree = "<group>"; };
		1FB3D4152006D71900A8C66A /* Tumblr.app */ = {isa = PBXFileReference; explicitFileType = wrapper.application; includeInIndex = 0; path = Tumblr.app; sourceTree = BUILT_PRODUCTS_DIR; };
		1FB3D4182006D71900A8C66A /* AppDelegate.swift */ = {isa = PBXFileReference; lastKnownFileType = sourcecode.swift; path = AppDelegate.swift; sourceTree = "<group>"; };
		1FB3D41D2006D71900A8C66A /* Base */ = {isa = PBXFileReference; lastKnownFileType = file.storyboard; name = Base; path = Base.lproj/Main.storyboard; sourceTree = "<group>"; };
		1FB3D4202006D71900A8C66A /* Tumblr.xcdatamodel */ = {isa = PBXFileReference; lastKnownFileType = wrapper.xcdatamodel; path = Tumblr.xcdatamodel; sourceTree = "<group>"; };
		1FB3D4222006D71900A8C66A /* Assets.xcassets */ = {isa = PBXFileReference; lastKnownFileType = folder.assetcatalog; path = Assets.xcassets; sourceTree = "<group>"; };
		1FB3D4252006D71900A8C66A /* Base */ = {isa = PBXFileReference; lastKnownFileType = file.storyboard; name = Base; path = Base.lproj/LaunchScreen.storyboard; sourceTree = "<group>"; };
		1FB3D4272006D71900A8C66A /* Info.plist */ = {isa = PBXFileReference; lastKnownFileType = text.plist.xml; path = Info.plist; sourceTree = "<group>"; };
		1FB3D42C2006D71900A8C66A /* TumblrTests.xctest */ = {isa = PBXFileReference; explicitFileType = wrapper.cfbundle; includeInIndex = 0; path = TumblrTests.xctest; sourceTree = BUILT_PRODUCTS_DIR; };
		1FB3D4302006D71900A8C66A /* TumblrTests.swift */ = {isa = PBXFileReference; lastKnownFileType = sourcecode.swift; path = TumblrTests.swift; sourceTree = "<group>"; };
		1FB3D4322006D71900A8C66A /* Info.plist */ = {isa = PBXFileReference; lastKnownFileType = text.plist.xml; path = Info.plist; sourceTree = "<group>"; };
		1FB3D4372006D71900A8C66A /* TumblrUITests.xctest */ = {isa = PBXFileReference; explicitFileType = wrapper.cfbundle; includeInIndex = 0; path = TumblrUITests.xctest; sourceTree = BUILT_PRODUCTS_DIR; };
		1FB3D43B2006D71900A8C66A /* TumblrUITests.swift */ = {isa = PBXFileReference; lastKnownFileType = sourcecode.swift; path = TumblrUITests.swift; sourceTree = "<group>"; };
		1FB3D43D2006D71900A8C66A /* Info.plist */ = {isa = PBXFileReference; lastKnownFileType = text.plist.xml; path = Info.plist; sourceTree = "<group>"; };
		1FB3D4492006D91100A8C66A /* PhotosViewController.swift */ = {isa = PBXFileReference; fileEncoding = 4; lastKnownFileType = sourcecode.swift; path = PhotosViewController.swift; sourceTree = "<group>"; };
		5D9B99139E1B8F0A06520FDA /* Pods_Tumblr.framework */ = {isa = PBXFileReference; explicitFileType = wrapper.framework; includeInIndex = 0; path = Pods_Tumblr.framework; sourceTree = BUILT_PRODUCTS_DIR; };
		5F9EAAFEDE2562B9186CEAD5 /* Pods-TumblrTests.debug.xcconfig */ = {isa = PBXFileReference; includeInIndex = 1; lastKnownFileType = text.xcconfig; name = "Pods-TumblrTests.debug.xcconfig"; path = "Pods/Target Support Files/Pods-TumblrTests/Pods-TumblrTests.debug.xcconfig"; sourceTree = "<group>"; };
		984B444D4C23CCB3CBE27CE6 /* Pods-TumblrTests.release.xcconfig */ = {isa = PBXFileReference; includeInIndex = 1; lastKnownFileType = text.xcconfig; name = "Pods-TumblrTests.release.xcconfig"; path = "Pods/Target Support Files/Pods-TumblrTests/Pods-TumblrTests.release.xcconfig"; sourceTree = "<group>"; };
		A207D7225A603B803A2B4274 /* Pods_TumblrUITests.framework */ = {isa = PBXFileReference; explicitFileType = wrapper.framework; includeInIndex = 0; path = Pods_TumblrUITests.framework; sourceTree = BUILT_PRODUCTS_DIR; };
		B7E07E9682C4C7615272A573 /* Pods-Tumblr.debug.xcconfig */ = {isa = PBXFileReference; includeInIndex = 1; lastKnownFileType = text.xcconfig; name = "Pods-Tumblr.debug.xcconfig"; path = "Pods/Target Support Files/Pods-Tumblr/Pods-Tumblr.debug.xcconfig"; sourceTree = "<group>"; };
		BAFF056A7866635935112136 /* Pods-TumblrUITests.release.xcconfig */ = {isa = PBXFileReference; includeInIndex = 1; lastKnownFileType = text.xcconfig; name = "Pods-TumblrUITests.release.xcconfig"; path = "Pods/Target Support Files/Pods-TumblrUITests/Pods-TumblrUITests.release.xcconfig"; sourceTree = "<group>"; };
		C62A4F91CB63E349AD36E0B9 /* Pods_TumblrTests.framework */ = {isa = PBXFileReference; explicitFileType = wrapper.framework; includeInIndex = 0; path = Pods_TumblrTests.framework; sourceTree = BUILT_PRODUCTS_DIR; };
		E5B817FD79422B9B1916D445 /* Pods-Tumblr.release.xcconfig */ = {isa = PBXFileReference; includeInIndex = 1; lastKnownFileType = text.xcconfig; name = "Pods-Tumblr.release.xcconfig"; path = "Pods/Target Support Files/Pods-Tumblr/Pods-Tumblr.release.xcconfig"; sourceTree = "<group>"; };
		E7DC4F70EE2CFA3DA4F8E0FF /* Pods-TumblrUITests.debug.xcconfig */ = {isa = PBXFileReference; includeInIndex = 1; lastKnownFileType = text.xcconfig; name = "Pods-TumblrUITests.debug.xcconfig"; path = "Pods/Target Support Files/Pods-TumblrUITests/Pods-TumblrUITests.debug.xcconfig"; sourceTree = "<group>"; };
/* End PBXFileReference section */

/* Begin PBXFrameworksBuildPhase section */
		1FB3D4122006D71900A8C66A /* Frameworks */ = {
			isa = PBXFrameworksBuildPhase;
			buildActionMask = 2147483647;
			files = (
				8309BE9DAD1AF2E6BC217109 /* Pods_Tumblr.framework in Frameworks */,
			);
			runOnlyForDeploymentPostprocessing = 0;
		};
		1FB3D4292006D71900A8C66A /* Frameworks */ = {
			isa = PBXFrameworksBuildPhase;
			buildActionMask = 2147483647;
			files = (
				33A2B700ABF1328F8499B72E /* Pods_TumblrTests.framework in Frameworks */,
			);
			runOnlyForDeploymentPostprocessing = 0;
		};
		1FB3D4342006D71900A8C66A /* Frameworks */ = {
			isa = PBXFrameworksBuildPhase;
			buildActionMask = 2147483647;
			files = (
				0EC1709C804CE5382953D74D /* Pods_TumblrUITests.framework in Frameworks */,
			);
			runOnlyForDeploymentPostprocessing = 0;
		};
/* End PBXFrameworksBuildPhase section */

/* Begin PBXGroup section */
		1FB3D40C2006D71900A8C66A = {
			isa = PBXGroup;
			children = (
				1FB3D4172006D71900A8C66A /* Tumblr */,
				1FB3D42F2006D71900A8C66A /* TumblrTests */,
				1FB3D43A2006D71900A8C66A /* TumblrUITests */,
				1FB3D4162006D71900A8C66A /* Products */,
				8AFB3D0E27166B858CEAC264 /* Pods */,
				9EC3C104BB528A58F05B7D67 /* Frameworks */,
			);
			sourceTree = "<group>";
		};
		1FB3D4162006D71900A8C66A /* Products */ = {
			isa = PBXGroup;
			children = (
				1FB3D4152006D71900A8C66A /* Tumblr.app */,
				1FB3D42C2006D71900A8C66A /* TumblrTests.xctest */,
				1FB3D4372006D71900A8C66A /* TumblrUITests.xctest */,
			);
			name = Products;
			sourceTree = "<group>";
		};
		1FB3D4172006D71900A8C66A /* Tumblr */ = {
			isa = PBXGroup;
			children = (
				1FB3D4182006D71900A8C66A /* AppDelegate.swift */,
				1FB3D41C2006D71900A8C66A /* Main.storyboard */,
				1FB3D4222006D71900A8C66A /* Assets.xcassets */,
				1FB3D4242006D71900A8C66A /* LaunchScreen.storyboard */,
				1FB3D4272006D71900A8C66A /* Info.plist */,
				1FB3D41F2006D71900A8C66A /* Tumblr.xcdatamodeld */,
				1FB3D4492006D91100A8C66A /* PhotosViewController.swift */,
				1F0CC674200A60E2009CC9E3 /* PhotoCell.swift */,
				1F94ACCA201582FB00567629 /* PhotoDetailsViewController.swift */,
			);
			path = Tumblr;
			sourceTree = "<group>";
		};
		1FB3D42F2006D71900A8C66A /* TumblrTests */ = {
			isa = PBXGroup;
			children = (
				1FB3D4302006D71900A8C66A /* TumblrTests.swift */,
				1FB3D4322006D71900A8C66A /* Info.plist */,
			);
			path = TumblrTests;
			sourceTree = "<group>";
		};
		1FB3D43A2006D71900A8C66A /* TumblrUITests */ = {
			isa = PBXGroup;
			children = (
				1FB3D43B2006D71900A8C66A /* TumblrUITests.swift */,
				1FB3D43D2006D71900A8C66A /* Info.plist */,
			);
			path = TumblrUITests;
			sourceTree = "<group>";
		};
		8AFB3D0E27166B858CEAC264 /* Pods */ = {
			isa = PBXGroup;
			children = (
				B7E07E9682C4C7615272A573 /* Pods-Tumblr.debug.xcconfig */,
				E5B817FD79422B9B1916D445 /* Pods-Tumblr.release.xcconfig */,
				5F9EAAFEDE2562B9186CEAD5 /* Pods-TumblrTests.debug.xcconfig */,
				984B444D4C23CCB3CBE27CE6 /* Pods-TumblrTests.release.xcconfig */,
				E7DC4F70EE2CFA3DA4F8E0FF /* Pods-TumblrUITests.debug.xcconfig */,
				BAFF056A7866635935112136 /* Pods-TumblrUITests.release.xcconfig */,
			);
			name = Pods;
			sourceTree = "<group>";
		};
		9EC3C104BB528A58F05B7D67 /* Frameworks */ = {
			isa = PBXGroup;
			children = (
				5D9B99139E1B8F0A06520FDA /* Pods_Tumblr.framework */,
				C62A4F91CB63E349AD36E0B9 /* Pods_TumblrTests.framework */,
				A207D7225A603B803A2B4274 /* Pods_TumblrUITests.framework */,
			);
			name = Frameworks;
			sourceTree = "<group>";
		};
/* End PBXGroup section */

/* Begin PBXNativeTarget section */
		1FB3D4142006D71900A8C66A /* Tumblr */ = {
			isa = PBXNativeTarget;
			buildConfigurationList = 1FB3D4402006D71900A8C66A /* Build configuration list for PBXNativeTarget "Tumblr" */;
			buildPhases = (
				9A37503B243431994557FCF5 /* [CP] Check Pods Manifest.lock */,
				1FB3D4112006D71900A8C66A /* Sources */,
				1FB3D4122006D71900A8C66A /* Frameworks */,
				1FB3D4132006D71900A8C66A /* Resources */,
				0D69318E6F219478261D84F1 /* [CP] Embed Pods Frameworks */,
				968DA17F53F303E4D5BC6EF4 /* [CP] Copy Pods Resources */,
			);
			buildRules = (
			);
			dependencies = (
			);
			name = Tumblr;
			productName = Tumblr;
			productReference = 1FB3D4152006D71900A8C66A /* Tumblr.app */;
			productType = "com.apple.product-type.application";
		};
		1FB3D42B2006D71900A8C66A /* TumblrTests */ = {
			isa = PBXNativeTarget;
			buildConfigurationList = 1FB3D4432006D71900A8C66A /* Build configuration list for PBXNativeTarget "TumblrTests" */;
			buildPhases = (
				141B3AC9903A1B0DFF236E1F /* [CP] Check Pods Manifest.lock */,
				1FB3D4282006D71900A8C66A /* Sources */,
				1FB3D4292006D71900A8C66A /* Frameworks */,
				1FB3D42A2006D71900A8C66A /* Resources */,
				C0863301ABCCF964CAD880B4 /* [CP] Embed Pods Frameworks */,
				8315A610B09F4100E4D1CAD0 /* [CP] Copy Pods Resources */,
			);
			buildRules = (
			);
			dependencies = (
				1FB3D42E2006D71900A8C66A /* PBXTargetDependency */,
			);
			name = TumblrTests;
			productName = TumblrTests;
			productReference = 1FB3D42C2006D71900A8C66A /* TumblrTests.xctest */;
			productType = "com.apple.product-type.bundle.unit-test";
		};
		1FB3D4362006D71900A8C66A /* TumblrUITests */ = {
			isa = PBXNativeTarget;
			buildConfigurationList = 1FB3D4462006D71900A8C66A /* Build configuration list for PBXNativeTarget "TumblrUITests" */;
			buildPhases = (
				AD2179E944155C2DA4972E91 /* [CP] Check Pods Manifest.lock */,
				1FB3D4332006D71900A8C66A /* Sources */,
				1FB3D4342006D71900A8C66A /* Frameworks */,
				1FB3D4352006D71900A8C66A /* Resources */,
				3961B10662BE7A73128F7E8E /* [CP] Embed Pods Frameworks */,
				B502B0FCF5F1A02FBA47D6E4 /* [CP] Copy Pods Resources */,
			);
			buildRules = (
			);
			dependencies = (
				1FB3D4392006D71900A8C66A /* PBXTargetDependency */,
			);
			name = TumblrUITests;
			productName = TumblrUITests;
			productReference = 1FB3D4372006D71900A8C66A /* TumblrUITests.xctest */;
			productType = "com.apple.product-type.bundle.ui-testing";
		};
/* End PBXNativeTarget section */

/* Begin PBXProject section */
		1FB3D40D2006D71900A8C66A /* Project object */ = {
			isa = PBXProject;
			attributes = {
				LastSwiftUpdateCheck = 0820;
				LastUpgradeCheck = 0820;
				ORGANIZATIONNAME = siddhant;
				TargetAttributes = {
					1FB3D4142006D71900A8C66A = {
						CreatedOnToolsVersion = 8.2.1;
						ProvisioningStyle = Automatic;
					};
					1FB3D42B2006D71900A8C66A = {
						CreatedOnToolsVersion = 8.2.1;
						ProvisioningStyle = Automatic;
						TestTargetID = 1FB3D4142006D71900A8C66A;
					};
					1FB3D4362006D71900A8C66A = {
						CreatedOnToolsVersion = 8.2.1;
						ProvisioningStyle = Automatic;
						TestTargetID = 1FB3D4142006D71900A8C66A;
					};
				};
			};
			buildConfigurationList = 1FB3D4102006D71900A8C66A /* Build configuration list for PBXProject "Tumblr" */;
			compatibilityVersion = "Xcode 3.2";
			developmentRegion = English;
			hasScannedForEncodings = 0;
			knownRegions = (
				en,
				Base,
			);
			mainGroup = 1FB3D40C2006D71900A8C66A;
			productRefGroup = 1FB3D4162006D71900A8C66A /* Products */;
			projectDirPath = "";
			projectRoot = "";
			targets = (
				1FB3D4142006D71900A8C66A /* Tumblr */,
				1FB3D42B2006D71900A8C66A /* TumblrTests */,
				1FB3D4362006D71900A8C66A /* TumblrUITests */,
			);
		};
/* End PBXProject section */

/* Begin PBXResourcesBuildPhase section */
		1FB3D4132006D71900A8C66A /* Resources */ = {
			isa = PBXResourcesBuildPhase;
			buildActionMask = 2147483647;
			files = (
				1FB3D4262006D71900A8C66A /* LaunchScreen.storyboard in Resources */,
				1FB3D4232006D71900A8C66A /* Assets.xcassets in Resources */,
				1FB3D41E2006D71900A8C66A /* Main.storyboard in Resources */,
			);
			runOnlyForDeploymentPostprocessing = 0;
		};
		1FB3D42A2006D71900A8C66A /* Resources */ = {
			isa = PBXResourcesBuildPhase;
			buildActionMask = 2147483647;
			files = (
			);
			runOnlyForDeploymentPostprocessing = 0;
		};
		1FB3D4352006D71900A8C66A /* Resources */ = {
			isa = PBXResourcesBuildPhase;
			buildActionMask = 2147483647;
			files = (
			);
			runOnlyForDeploymentPostprocessing = 0;
		};
/* End PBXResourcesBuildPhase section */

/* Begin PBXShellScriptBuildPhase section */
		0D69318E6F219478261D84F1 /* [CP] Embed Pods Frameworks */ = {
			isa = PBXShellScriptBuildPhase;
			buildActionMask = 2147483647;
			files = (
			);
			inputPaths = (
				"${SRCROOT}/Pods/Target Support Files/Pods-Tumblr/Pods-Tumblr-frameworks.sh",
				"${BUILT_PRODUCTS_DIR}/Alamofire/Alamofire.framework",
				"${BUILT_PRODUCTS_DIR}/AlamofireImage/AlamofireImage.framework",
			);
			name = "[CP] Embed Pods Frameworks";
			outputPaths = (
				"${TARGET_BUILD_DIR}/${FRAMEWORKS_FOLDER_PATH}/Alamofire.framework",
				"${TARGET_BUILD_DIR}/${FRAMEWORKS_FOLDER_PATH}/AlamofireImage.framework",
			);
			runOnlyForDeploymentPostprocessing = 0;
			shellPath = /bin/sh;
			shellScript = "\"${SRCROOT}/Pods/Target Support Files/Pods-Tumblr/Pods-Tumblr-frameworks.sh\"\n";
			showEnvVarsInLog = 0;
		};
		141B3AC9903A1B0DFF236E1F /* [CP] Check Pods Manifest.lock */ = {
			isa = PBXShellScriptBuildPhase;
			buildActionMask = 2147483647;
			files = (
			);
			inputPaths = (
				"${PODS_PODFILE_DIR_PATH}/Podfile.lock",
				"${PODS_ROOT}/Manifest.lock",
			);
			name = "[CP] Check Pods Manifest.lock";
			outputPaths = (
				"$(DERIVED_FILE_DIR)/Pods-TumblrTests-checkManifestLockResult.txt",
			);
			runOnlyForDeploymentPostprocessing = 0;
			shellPath = /bin/sh;
			shellScript = "diff \"${PODS_PODFILE_DIR_PATH}/Podfile.lock\" \"${PODS_ROOT}/Manifest.lock\" > /dev/null\nif [ $? != 0 ] ; then\n    # print error to STDERR\n    echo \"error: The sandbox is not in sync with the Podfile.lock. Run 'pod install' or update your CocoaPods installation.\" >&2\n    exit 1\nfi\n# This output is used by Xcode 'outputs' to avoid re-running this script phase.\necho \"SUCCESS\" > \"${SCRIPT_OUTPUT_FILE_0}\"\n";
			showEnvVarsInLog = 0;
		};
		3961B10662BE7A73128F7E8E /* [CP] Embed Pods Frameworks */ = {
			isa = PBXShellScriptBuildPhase;
			buildActionMask = 2147483647;
			files = (
			);
			inputPaths = (
			);
			name = "[CP] Embed Pods Frameworks";
			outputPaths = (
			);
			runOnlyForDeploymentPostprocessing = 0;
			shellPath = /bin/sh;
			shellScript = "\"${SRCROOT}/Pods/Target Support Files/Pods-TumblrUITests/Pods-TumblrUITests-frameworks.sh\"\n";
			showEnvVarsInLog = 0;
		};
		8315A610B09F4100E4D1CAD0 /* [CP] Copy Pods Resources */ = {
			isa = PBXShellScriptBuildPhase;
			buildActionMask = 2147483647;
			files = (
			);
			inputPaths = (
			);
			name = "[CP] Copy Pods Resources";
			outputPaths = (
			);
			runOnlyForDeploymentPostprocessing = 0;
			shellPath = /bin/sh;
			shellScript = "\"${SRCROOT}/Pods/Target Support Files/Pods-TumblrTests/Pods-TumblrTests-resources.sh\"\n";
			showEnvVarsInLog = 0;
		};
		968DA17F53F303E4D5BC6EF4 /* [CP] Copy Pods Resources */ = {
			isa = PBXShellScriptBuildPhase;
			buildActionMask = 2147483647;
			files = (
			);
			inputPaths = (
			);
			name = "[CP] Copy Pods Resources";
			outputPaths = (
			);
			runOnlyForDeploymentPostprocessing = 0;
			shellPath = /bin/sh;
			shellScript = "\"${SRCROOT}/Pods/Target Support Files/Pods-Tumblr/Pods-Tumblr-resources.sh\"\n";
			showEnvVarsInLog = 0;
		};
		9A37503B243431994557FCF5 /* [CP] Check Pods Manifest.lock */ = {
			isa = PBXShellScriptBuildPhase;
			buildActionMask = 2147483647;
			files = (
			);
			inputPaths = (
				"${PODS_PODFILE_DIR_PATH}/Podfile.lock",
				"${PODS_ROOT}/Manifest.lock",
			);
			name = "[CP] Check Pods Manifest.lock";
			outputPaths = (
				"$(DERIVED_FILE_DIR)/Pods-Tumblr-checkManifestLockResult.txt",
			);
			runOnlyForDeploymentPostprocessing = 0;
			shellPath = /bin/sh;
			shellScript = "diff \"${PODS_PODFILE_DIR_PATH}/Podfile.lock\" \"${PODS_ROOT}/Manifest.lock\" > /dev/null\nif [ $? != 0 ] ; then\n    # print error to STDERR\n    echo \"error: The sandbox is not in sync with the Podfile.lock. Run 'pod install' or update your CocoaPods installation.\" >&2\n    exit 1\nfi\n# This output is used by Xcode 'outputs' to avoid re-running this script phase.\necho \"SUCCESS\" > \"${SCRIPT_OUTPUT_FILE_0}\"\n";
			showEnvVarsInLog = 0;
		};
		AD2179E944155C2DA4972E91 /* [CP] Check Pods Manifest.lock */ = {
			isa = PBXShellScriptBuildPhase;
			buildActionMask = 2147483647;
			files = (
			);
			inputPaths = (
				"${PODS_PODFILE_DIR_PATH}/Podfile.lock",
				"${PODS_ROOT}/Manifest.lock",
			);
			name = "[CP] Check Pods Manifest.lock";
			outputPaths = (
				"$(DERIVED_FILE_DIR)/Pods-TumblrUITests-checkManifestLockResult.txt",
			);
			runOnlyForDeploymentPostprocessing = 0;
			shellPath = /bin/sh;
			shellScript = "diff \"${PODS_PODFILE_DIR_PATH}/Podfile.lock\" \"${PODS_ROOT}/Manifest.lock\" > /dev/null\nif [ $? != 0 ] ; then\n    # print error to STDERR\n    echo \"error: The sandbox is not in sync with the Podfile.lock. Run 'pod install' or update your CocoaPods installation.\" >&2\n    exit 1\nfi\n# This output is used by Xcode 'outputs' to avoid re-running this script phase.\necho \"SUCCESS\" > \"${SCRIPT_OUTPUT_FILE_0}\"\n";
			showEnvVarsInLog = 0;
		};
		B502B0FCF5F1A02FBA47D6E4 /* [CP] Copy Pods Resources */ = {
			isa = PBXShellScriptBuildPhase;
			buildActionMask = 2147483647;
			files = (
			);
			inputPaths = (
			);
			name = "[CP] Copy Pods Resources";
			outputPaths = (
			);
			runOnlyForDeploymentPostprocessing = 0;
			shellPath = /bin/sh;
			shellScript = "\"${SRCROOT}/Pods/Target Support Files/Pods-TumblrUITests/Pods-TumblrUITests-resources.sh\"\n";
			showEnvVarsInLog = 0;
		};
		C0863301ABCCF964CAD880B4 /* [CP] Embed Pods Frameworks */ = {
			isa = PBXShellScriptBuildPhase;
			buildActionMask = 2147483647;
			files = (
			);
			inputPaths = (
			);
			name = "[CP] Embed Pods Frameworks";
			outputPaths = (
			);
			runOnlyForDeploymentPostprocessing = 0;
			shellPath = /bin/sh;
			shellScript = "\"${SRCROOT}/Pods/Target Support Files/Pods-TumblrTests/Pods-TumblrTests-frameworks.sh\"\n";
			showEnvVarsInLog = 0;
		};
/* End PBXShellScriptBuildPhase section */

/* Begin PBXSourcesBuildPhase section */
		1FB3D4112006D71900A8C66A /* Sources */ = {
			isa = PBXSourcesBuildPhase;
			buildActionMask = 2147483647;
			files = (
				1F0CC675200A60E2009CC9E3 /* PhotoCell.swift in Sources */,
				1F94ACCB201582FB00567629 /* PhotoDetailsViewController.swift in Sources */,
				1FB3D44A2006D91100A8C66A /* PhotosViewController.swift in Sources */,
				1FB3D4212006D71900A8C66A /* Tumblr.xcdatamodeld in Sources */,
				1FB3D4192006D71900A8C66A /* AppDelegate.swift in Sources */,
			);
			runOnlyForDeploymentPostprocessing = 0;
		};
		1FB3D4282006D71900A8C66A /* Sources */ = {
			isa = PBXSourcesBuildPhase;
			buildActionMask = 2147483647;
			files = (
				1FB3D4312006D71900A8C66A /* TumblrTests.swift in Sources */,
			);
			runOnlyForDeploymentPostprocessing = 0;
		};
		1FB3D4332006D71900A8C66A /* Sources */ = {
			isa = PBXSourcesBuildPhase;
			buildActionMask = 2147483647;
			files = (
				1FB3D43C2006D71900A8C66A /* TumblrUITests.swift in Sources */,
			);
			runOnlyForDeploymentPostprocessing = 0;
		};
/* End PBXSourcesBuildPhase section */

/* Begin PBXTargetDependency section */
		1FB3D42E2006D71900A8C66A /* PBXTargetDependency */ = {
			isa = PBXTargetDependency;
			target = 1FB3D4142006D71900A8C66A /* Tumblr */;
			targetProxy = 1FB3D42D2006D71900A8C66A /* PBXContainerItemProxy */;
		};
		1FB3D4392006D71900A8C66A /* PBXTargetDependency */ = {
			isa = PBXTargetDependency;
			target = 1FB3D4142006D71900A8C66A /* Tumblr */;
			targetProxy = 1FB3D4382006D71900A8C66A /* PBXContainerItemProxy */;
		};
/* End PBXTargetDependency section */

/* Begin PBXVariantGroup section */
		1FB3D41C2006D71900A8C66A /* Main.storyboard */ = {
			isa = PBXVariantGroup;
			children = (
				1FB3D41D2006D71900A8C66A /* Base */,
			);
			name = Main.storyboard;
			sourceTree = "<group>";
		};
		1FB3D4242006D71900A8C66A /* LaunchScreen.storyboard */ = {
			isa = PBXVariantGroup;
			children = (
				1FB3D4252006D71900A8C66A /* Base */,
			);
			name = LaunchScreen.storyboard;
			sourceTree = "<group>";
		};
/* End PBXVariantGroup section */

/* Begin XCBuildConfiguration section */
		1FB3D43E2006D71900A8C66A /* Debug */ = {
			isa = XCBuildConfiguration;
			buildSettings = {
				ALWAYS_SEARCH_USER_PATHS = NO;
				CLANG_ANALYZER_NONNULL = YES;
				CLANG_CXX_LANGUAGE_STANDARD = "gnu++0x";
				CLANG_CXX_LIBRARY = "libc++";
				CLANG_ENABLE_MODULES = YES;
				CLANG_ENABLE_OBJC_ARC = YES;
				CLANG_WARN_BOOL_CONVERSION = YES;
				CLANG_WARN_CONSTANT_CONVERSION = YES;
				CLANG_WARN_DIRECT_OBJC_ISA_USAGE = YES_ERROR;
				CLANG_WARN_DOCUMENTATION_COMMENTS = YES;
				CLANG_WARN_EMPTY_BODY = YES;
				CLANG_WARN_ENUM_CONVERSION = YES;
				CLANG_WARN_INFINITE_RECURSION = YES;
				CLANG_WARN_INT_CONVERSION = YES;
				CLANG_WARN_OBJC_ROOT_CLASS = YES_ERROR;
				CLANG_WARN_SUSPICIOUS_MOVE = YES;
				CLANG_WARN_UNREACHABLE_CODE = YES;
				CLANG_WARN__DUPLICATE_METHOD_MATCH = YES;
				"CODE_SIGN_IDENTITY[sdk=iphoneos*]" = "iPhone Developer";
				COPY_PHASE_STRIP = NO;
				DEBUG_INFORMATION_FORMAT = dwarf;
				ENABLE_STRICT_OBJC_MSGSEND = YES;
				ENABLE_TESTABILITY = YES;
				GCC_C_LANGUAGE_STANDARD = gnu99;
				GCC_DYNAMIC_NO_PIC = NO;
				GCC_NO_COMMON_BLOCKS = YES;
				GCC_OPTIMIZATION_LEVEL = 0;
				GCC_PREPROCESSOR_DEFINITIONS = (
					"DEBUG=1",
					"$(inherited)",
				);
				GCC_WARN_64_TO_32_BIT_CONVERSION = YES;
				GCC_WARN_ABOUT_RETURN_TYPE = YES_ERROR;
				GCC_WARN_UNDECLARED_SELECTOR = YES;
				GCC_WARN_UNINITIALIZED_AUTOS = YES_AGGRESSIVE;
				GCC_WARN_UNUSED_FUNCTION = YES;
				GCC_WARN_UNUSED_VARIABLE = YES;
				IPHONEOS_DEPLOYMENT_TARGET = 10.2;
				MTL_ENABLE_DEBUG_INFO = YES;
				ONLY_ACTIVE_ARCH = YES;
				SDKROOT = iphoneos;
				SWIFT_ACTIVE_COMPILATION_CONDITIONS = DEBUG;
				SWIFT_OPTIMIZATION_LEVEL = "-Onone";
			};
			name = Debug;
		};
		1FB3D43F2006D71900A8C66A /* Release */ = {
			isa = XCBuildConfiguration;
			buildSettings = {
				ALWAYS_SEARCH_USER_PATHS = NO;
				CLANG_ANALYZER_NONNULL = YES;
				CLANG_CXX_LANGUAGE_STANDARD = "gnu++0x";
				CLANG_CXX_LIBRARY = "libc++";
				CLANG_ENABLE_MODULES = YES;
				CLANG_ENABLE_OBJC_ARC = YES;
				CLANG_WARN_BOOL_CONVERSION = YES;
				CLANG_WARN_CONSTANT_CONVERSION = YES;
				CLANG_WARN_DIRECT_OBJC_ISA_USAGE = YES_ERROR;
				CLANG_WARN_DOCUMENTATION_COMMENTS = YES;
				CLANG_WARN_EMPTY_BODY = YES;
				CLANG_WARN_ENUM_CONVERSION = YES;
				CLANG_WARN_INFINITE_RECURSION = YES;
				CLANG_WARN_INT_CONVERSION = YES;
				CLANG_WARN_OBJC_ROOT_CLASS = YES_ERROR;
				CLANG_WARN_SUSPICIOUS_MOVE = YES;
				CLANG_WARN_UNREACHABLE_CODE = YES;
				CLANG_WARN__DUPLICATE_METHOD_MATCH = YES;
				"CODE_SIGN_IDENTITY[sdk=iphoneos*]" = "iPhone Developer";
				COPY_PHASE_STRIP = NO;
				DEBUG_INFORMATION_FORMAT = "dwarf-with-dsym";
				ENABLE_NS_ASSERTIONS = NO;
				ENABLE_STRICT_OBJC_MSGSEND = YES;
				GCC_C_LANGUAGE_STANDARD = gnu99;
				GCC_NO_COMMON_BLOCKS = YES;
				GCC_WARN_64_TO_32_BIT_CONVERSION = YES;
				GCC_WARN_ABOUT_RETURN_TYPE = YES_ERROR;
				GCC_WARN_UNDECLARED_SELECTOR = YES;
				GCC_WARN_UNINITIALIZED_AUTOS = YES_AGGRESSIVE;
				GCC_WARN_UNUSED_FUNCTION = YES;
				GCC_WARN_UNUSED_VARIABLE = YES;
				IPHONEOS_DEPLOYMENT_TARGET = 10.2;
				MTL_ENABLE_DEBUG_INFO = NO;
				SDKROOT = iphoneos;
				SWIFT_OPTIMIZATION_LEVEL = "-Owholemodule";
				VALIDATE_PRODUCT = YES;
			};
			name = Release;
		};
		1FB3D4412006D71900A8C66A /* Debug */ = {
			isa = XCBuildConfiguration;
			baseConfigurationReference = B7E07E9682C4C7615272A573 /* Pods-Tumblr.debug.xcconfig */;
			buildSettings = {
				ASSETCATALOG_COMPILER_APPICON_NAME = AppIcon;
				INFOPLIST_FILE = Tumblr/Info.plist;
				LD_RUNPATH_SEARCH_PATHS = "$(inherited) @executable_path/Frameworks";
				PRODUCT_BUNDLE_IDENTIFIER = jo.Tumblr;
				PRODUCT_NAME = "$(TARGET_NAME)";
				SWIFT_VERSION = 3.0;
			};
			name = Debug;
		};
		1FB3D4422006D71900A8C66A /* Release */ = {
			isa = XCBuildConfiguration;
			baseConfigurationReference = E5B817FD79422B9B1916D445 /* Pods-Tumblr.release.xcconfig */;
			buildSettings = {
				ASSETCATALOG_COMPILER_APPICON_NAME = AppIcon;
				INFOPLIST_FILE = Tumblr/Info.plist;
				LD_RUNPATH_SEARCH_PATHS = "$(inherited) @executable_path/Frameworks";
				PRODUCT_BUNDLE_IDENTIFIER = jo.Tumblr;
				PRODUCT_NAME = "$(TARGET_NAME)";
				SWIFT_VERSION = 3.0;
			};
			name = Release;
		};
		1FB3D4442006D71900A8C66A /* Debug */ = {
			isa = XCBuildConfiguration;
			baseConfigurationReference = 5F9EAAFEDE2562B9186CEAD5 /* Pods-TumblrTests.debug.xcconfig */;
			buildSettings = {
				ALWAYS_EMBED_SWIFT_STANDARD_LIBRARIES = YES;
				BUNDLE_LOADER = "$(TEST_HOST)";
				INFOPLIST_FILE = TumblrTests/Info.plist;
				LD_RUNPATH_SEARCH_PATHS = "$(inherited) @executable_path/Frameworks @loader_path/Frameworks";
				PRODUCT_BUNDLE_IDENTIFIER = jo.TumblrTests;
				PRODUCT_NAME = "$(TARGET_NAME)";
				SWIFT_VERSION = 3.0;
				TEST_HOST = "$(BUILT_PRODUCTS_DIR)/Tumblr.app/Tumblr";
			};
			name = Debug;
		};
		1FB3D4452006D71900A8C66A /* Release */ = {
			isa = XCBuildConfiguration;
			baseConfigurationReference = 984B444D4C23CCB3CBE27CE6 /* Pods-TumblrTests.release.xcconfig */;
			buildSettings = {
				ALWAYS_EMBED_SWIFT_STANDARD_LIBRARIES = YES;
				BUNDLE_LOADER = "$(TEST_HOST)";
				INFOPLIST_FILE = TumblrTests/Info.plist;
				LD_RUNPATH_SEARCH_PATHS = "$(inherited) @executable_path/Frameworks @loader_path/Frameworks";
				PRODUCT_BUNDLE_IDENTIFIER = jo.TumblrTests;
				PRODUCT_NAME = "$(TARGET_NAME)";
				SWIFT_VERSION = 3.0;
				TEST_HOST = "$(BUILT_PRODUCTS_DIR)/Tumblr.app/Tumblr";
			};
			name = Release;
		};
		1FB3D4472006D71900A8C66A /* Debug */ = {
			isa = XCBuildConfiguration;
			baseConfigurationReference = E7DC4F70EE2CFA3DA4F8E0FF /* Pods-TumblrUITests.debug.xcconfig */;
			buildSettings = {
				ALWAYS_EMBED_SWIFT_STANDARD_LIBRARIES = YES;
				INFOPLIST_FILE = TumblrUITests/Info.plist;
				LD_RUNPATH_SEARCH_PATHS = "$(inherited) @executable_path/Frameworks @loader_path/Frameworks";
				PRODUCT_BUNDLE_IDENTIFIER = jo.TumblrUITests;
				PRODUCT_NAME = "$(TARGET_NAME)";
				SWIFT_VERSION = 3.0;
				TEST_TARGET_NAME = Tumblr;
			};
			name = Debug;
		};
		1FB3D4482006D71900A8C66A /* Release */ = {
			isa = XCBuildConfiguration;
			baseConfigurationReference = BAFF056A7866635935112136 /* Pods-TumblrUITests.release.xcconfig */;
			buildSettings = {
				ALWAYS_EMBED_SWIFT_STANDARD_LIBRARIES = YES;
				INFOPLIST_FILE = TumblrUITests/Info.plist;
				LD_RUNPATH_SEARCH_PATHS = "$(inherited) @executable_path/Frameworks @loader_path/Frameworks";
				PRODUCT_BUNDLE_IDENTIFIER = jo.TumblrUITests;
				PRODUCT_NAME = "$(TARGET_NAME)";
				SWIFT_VERSION = 3.0;
				TEST_TARGET_NAME = Tumblr;
			};
			name = Release;
		};
/* End XCBuildConfiguration section */

/* Begin XCConfigurationList section */
		1FB3D4102006D71900A8C66A /* Build configuration list for PBXProject "Tumblr" */ = {
			isa = XCConfigurationList;
			buildConfigurations = (
				1FB3D43E2006D71900A8C66A /* Debug */,
				1FB3D43F2006D71900A8C66A /* Release */,
			);
			defaultConfigurationIsVisible = 0;
			defaultConfigurationName = Release;
		};
		1FB3D4402006D71900A8C66A /* Build configuration list for PBXNativeTarget "Tumblr" */ = {
			isa = XCConfigurationList;
			buildConfigurations = (
				1FB3D4412006D71900A8C66A /* Debug */,
				1FB3D4422006D71900A8C66A /* Release */,
			);
			defaultConfigurationIsVisible = 0;
			defaultConfigurationName = Release;
		};
		1FB3D4432006D71900A8C66A /* Build configuration list for PBXNativeTarget "TumblrTests" */ = {
			isa = XCConfigurationList;
			buildConfigurations = (
				1FB3D4442006D71900A8C66A /* Debug */,
				1FB3D4452006D71900A8C66A /* Release */,
			);
			defaultConfigurationIsVisible = 0;
			defaultConfigurationName = Release;
		};
		1FB3D4462006D71900A8C66A /* Build configuration list for PBXNativeTarget "TumblrUITests" */ = {
			isa = XCConfigurationList;
			buildConfigurations = (
				1FB3D4472006D71900A8C66A /* Debug */,
				1FB3D4482006D71900A8C66A /* Release */,
			);
			defaultConfigurationIsVisible = 0;
			defaultConfigurationName = Release;
		};
/* End XCConfigurationList section */

/* Begin XCVersionGroup section */
		1FB3D41F2006D71900A8C66A /* Tumblr.xcdatamodeld */ = {
			isa = XCVersionGroup;
			children = (
				1FB3D4202006D71900A8C66A /* Tumblr.xcdatamodel */,
			);
			currentVersion = 1FB3D4202006D71900A8C66A /* Tumblr.xcdatamodel */;
			path = Tumblr.xcdatamodeld;
			sourceTree = "<group>";
			versionGroupType = wrapper.xcdatamodel;
		};
/* End XCVersionGroup section */
	};
	rootObject = 1FB3D40D2006D71900A8C66A /* Project object */;
}
